
Microsoft Visual Studio Solution File, Format Version 12.00
# Visual Studio 15
Project("{FAE04EC0-301F-11D3-BF4B-00C04F79EFBC}") = "Assembly-CSharp", "Assembly-CSharp.csproj", "{199205D1-9A20-0158-DAB5-0A1292D208F4}"
EndProject
Project("{FAE04EC0-301F-11D3-BF4B-00C04F79EFBC}") = "Assembly-CSharp-Editor", "Assembly-CSharp-Editor.csproj", "{6BAAF111-23ED-792E-EFD5-9D47A5F30674}"
EndProject
Global
	GlobalSection(SolutionConfigurationPlatforms) = preSolution
		Debug|Any CPU = Debug|Any CPU
		Release|Any CPU = Release|Any CPU
	EndGlobalSection
	GlobalSection(ProjectConfigurationPlatforms) = postSolution
		{199205D1-9A20-0158-DAB5-0A1292D208F4}.Debug|Any CPU.ActiveCfg = Debug|Any CPU
		{199205D1-9A20-0158-DAB5-0A1292D208F4}.Debug|Any CPU.Build.0 = Debug|Any CPU
		{199205D1-9A20-0158-DAB5-0A1292D208F4}.Release|Any CPU.ActiveCfg = Release|Any CPU
		{199205D1-9A20-0158-DAB5-0A1292D208F4}.Release|Any CPU.Build.0 = Release|Any CPU
		{6BAAF111-23ED-792E-EFD5-9D47A5F30674}.Debug|Any CPU.ActiveCfg = Debug|Any CPU
		{6BAAF111-23ED-792E-EFD5-9D47A5F30674}.Debug|Any CPU.Build.0 = Debug|Any CPU
		{6BAAF111-23ED-792E-EFD5-9D47A5F30674}.Release|Any CPU.ActiveCfg = Release|Any CPU
		{6BAAF111-23ED-792E-EFD5-9D47A5F30674}.Release|Any CPU.Build.0 = Release|Any CPU
	EndGlobalSection
	GlobalSection(SolutionProperties) = preSolution
		HideSolutionNode = FALSE
	EndGlobalSection
EndGlobal
